# This file is automatically @generated by Cargo.
# It is not intended for manual editing.
[[package]]
name = "bitintr"
version = "0.3.0"
source = "registry+https://github.com/rust-lang/crates.io-index"

[[package]]
name = "fisk"
version = "0.1.0"
dependencies = [
 "bitintr 0.3.0 (registry+https://github.com/rust-lang/crates.io-index)",
 "lazy_static 1.4.0 (registry+https://github.com/rust-lang/crates.io-index)",
]

[[package]]
name = "lazy_static"
version = "1.4.0"
source = "registry+https://github.com/rust-lang/crates.io-index"

[metadata]
"checksum bitintr 0.3.0 (registry+https://github.com/rust-lang/crates.io-index)" = "7ba5a5c4df8ac8673f22698f443ef1ce3853d7f22d5a15ebf66b9a7553b173dd"
"checksum lazy_static 1.4.0 (registry+https://github.com/rust-lang/crates.io-index)" = "e2abad23fbc42b3700f2f279844dc832adb2b2eb069b2df918f455c4e18cc646"
